
Microsoft Visual Studio Solution File, Format Version 12.00
# Visual Studio Version 17
VisualStudioVersion = 17.5.33516.290
MinimumVisualStudioVersion = 10.0.40219.1
Project("{9A19103F-16F7-4668-BE54-9A1E7A4F7556}") = "Apka Szkoleniowa", "Apka Szkoleniowa.csproj", "{A750EB7C-083A-4891-9ABE-ED67F07C1F56}"
EndProject
Project("{FAE04EC0-301F-11D3-BF4B-00C04F79EFBC}") = "Day12Tests", "..\Day12Tests\Day12Tests.csproj", "{AB8F63ED-3D9C-46E9-83B2-2101E84C34A6}"
EndProject
Global
	GlobalSection(SolutionConfigurationPlatforms) = preSolution
		Debug|Any CPU = Debug|Any CPU
		Release|Any CPU = Release|Any CPU
	EndGlobalSection
	GlobalSection(ProjectConfigurationPlatforms) = postSolution
		{A750EB7C-083A-4891-9ABE-ED67F07C1F56}.Debug|Any CPU.ActiveCfg = Debug|Any CPU
		{A750EB7C-083A-4891-9ABE-ED67F07C1F56}.Debug|Any CPU.Build.0 = Debug|Any CPU
		{A750EB7C-083A-4891-9ABE-ED67F07C1F56}.Release|Any CPU.ActiveCfg = Release|Any CPU
		{A750EB7C-083A-4891-9ABE-ED67F07C1F56}.Release|Any CPU.Build.0 = Release|Any CPU
		{AB8F63ED-3D9C-46E9-83B2-2101E84C34A6}.Debug|Any CPU.ActiveCfg = Debug|Any CPU
		{AB8F63ED-3D9C-46E9-83B2-2101E84C34A6}.Debug|Any CPU.Build.0 = Debug|Any CPU
		{AB8F63ED-3D9C-46E9-83B2-2101E84C34A6}.Release|Any CPU.ActiveCfg = Release|Any CPU
		{AB8F63ED-3D9C-46E9-83B2-2101E84C34A6}.Release|Any CPU.Build.0 = Release|Any CPU
	EndGlobalSection
	GlobalSection(SolutionProperties) = preSolution
		HideSolutionNode = FALSE
	EndGlobalSection
	GlobalSection(ExtensibilityGlobals) = postSolution
		SolutionGuid = {20FF6E9E-DC70-4E3D-8696-F7210CD6D21D}
	EndGlobalSection
EndGlobal
